<?xml version="1.0" encoding="utf-8"?>
<Project ToolsVersion="4.0" xmlns="http://schemas.microsoft.com/developer/msbuild/2003">
  <ItemGroup>
    <Filter Include="소스 파일">
      <UniqueIdentifier>{4FC737F1-C7A5-4376-A066-2A32D752A2FF}</UniqueIdentifier>
      <Extensions>cpp;c;cc;cxx;c++;cppm;ixx;def;odl;idl;hpj;bat;asm;asmx</Extensions>
    </Filter>
    <Filter Include="헤더 파일">
      <UniqueIdentifier>{93995380-89BD-4b04-88EB-625FBE52EBFB}</UniqueIdentifier>
      <Extensions>h;hh;hpp;hxx;h++;hm;inl;inc;ipp;xsd</Extensions>
    </Filter>
    <Filter Include="리소스 파일">
      <UniqueIdentifier>{67DA6AB6-F800-4c08-8B7A-83BB121AAD01}</UniqueIdentifier>
      <Extensions>rc;ico;cur;bmp;dlg;rc2;rct;bin;rgs;gif;jpg;jpeg;jpe;resx;tiff;tif;png;wav;mfcribbon-ms</Extensions>
    </Filter>
    <Filter Include="헤더 파일\Manager">
      <UniqueIdentifier>{78d4aad0-7bd3-4eac-bd89-5624d947cbad}</UniqueIdentifier>
    </Filter>
    <Filter Include="헤더 파일\Repository">
      <UniqueIdentifier>{77421059-24a6-4e93-b3cc-7945d4bd6ac5}</UniqueIdentifier>
    </Filter>
    <Filter Include="헤더 파일\Repository\GameTime">
      <UniqueIdentifier>{6e0d7fb6-b498-4ee5-95b2-2d2aaa14123e}</UniqueIdentifier>
    </Filter>
    <Filter Include="소스 파일\Manager">
      <UniqueIdentifier>{85b5a375-e93e-46fe-b881-b1c95e9db7ad}</UniqueIdentifier>
    </Filter>
    <Filter Include="소스 파일\Repository">
      <UniqueIdentifier>{520b2c8d-db81-4ec6-bcae-e65c46af6a33}</UniqueIdentifier>
    </Filter>
    <Filter Include="소스 파일\Repository\GameTime">
      <UniqueIdentifier>{5014afd6-5d21-4199-b6b9-ca42c75e137e}</UniqueIdentifier>
    </Filter>
    <Filter Include="소스 파일\Library">
      <UniqueIdentifier>{8e7af990-e5d5-46f0-b2d3-f439de484604}</UniqueIdentifier>
    </Filter>
    <Filter Include="헤더 파일\Repository\World">
      <UniqueIdentifier>{9b3cd0cb-8e88-4f3e-833d-3260fd7b67d8}</UniqueIdentifier>
    </Filter>
    <Filter Include="소스 파일\Repository\World">
      <UniqueIdentifier>{1439e26a-afbe-4439-818b-6062823e8772}</UniqueIdentifier>
    </Filter>
    <Filter Include="헤더 파일\Factory">
      <UniqueIdentifier>{bd1542e1-27b3-4b1a-906f-af92618fbc32}</UniqueIdentifier>
    </Filter>
    <Filter Include="헤더 파일\Repository\World\WorldObject">
      <UniqueIdentifier>{66738e3e-65f7-465b-8915-5366c792fd0a}</UniqueIdentifier>
    </Filter>
    <Filter Include="소스 파일\Repository\World\WorldObject">
      <UniqueIdentifier>{a025f874-5fd0-44c5-a6cd-c75761e121f1}</UniqueIdentifier>
    </Filter>
    <Filter Include="헤더 파일\Library">
      <UniqueIdentifier>{bfdf4941-9496-409c-93cc-fec84e80e877}</UniqueIdentifier>
    </Filter>
    <Filter Include="헤더 파일\Manager\Event">
      <UniqueIdentifier>{e1cfdc95-1090-4ee0-82c4-7304ccf17bac}</UniqueIdentifier>
    </Filter>
    <Filter Include="헤더 파일\Repository\World\WorldObject\Block">
      <UniqueIdentifier>{b51e4bbe-ef34-4169-8f41-dcd69579ec3a}</UniqueIdentifier>
    </Filter>
    <Filter Include="헤더 파일\Repository\World\WorldObject\StaticUnit">
      <UniqueIdentifier>{ec5715f8-9a20-44e0-abfd-4d53500abbba}</UniqueIdentifier>
    </Filter>
    <Filter Include="소스 파일\Service">
      <UniqueIdentifier>{b292abb1-277b-4d87-bf1d-b0e4479204fe}</UniqueIdentifier>
    </Filter>
    <Filter Include="헤더 파일\Service">
      <UniqueIdentifier>{09f606ed-1b52-472a-9543-dac725d48891}</UniqueIdentifier>
    </Filter>
    <Filter Include="소스 파일\Repository\World\WorldObject\Block">
      <UniqueIdentifier>{20bf0065-4b71-4ac6-997e-df65f1bdecc2}</UniqueIdentifier>
    </Filter>
    <Filter Include="소스 파일\Repository\World\WorldObject\StaticUnit">
      <UniqueIdentifier>{58793609-6061-4117-ac55-a65a607379d3}</UniqueIdentifier>
    </Filter>
  </ItemGroup>
  <ItemGroup>
    <ClCompile Include="TestManager.cpp">
      <Filter>소스 파일</Filter>
    </ClCompile>
    <ClCompile Include="testProperty.cpp">
      <Filter>소스 파일</Filter>
    </ClCompile>
    <ClCompile Include="GameTime.cpp">
      <Filter>소스 파일\Repository\GameTime</Filter>
    </ClCompile>
    <ClCompile Include="DateSystem.cpp">
      <Filter>소스 파일\Repository\GameTime</Filter>
    </ClCompile>
    <ClCompile Include="TimeSystem.cpp">
      <Filter>소스 파일\Repository\GameTime</Filter>
    </ClCompile>
    <ClCompile Include="TimeRepository.cpp">
      <Filter>소스 파일\Repository\GameTime</Filter>
    </ClCompile>
    <ClCompile Include="GameManager.cpp">
      <Filter>소스 파일\Manager</Filter>
    </ClCompile>
    <ClCompile Include="NativeLib.cpp">
      <Filter>소스 파일\Library</Filter>
    </ClCompile>
    <ClCompile Include="GameWorld.cpp">
      <Filter>소스 파일</Filter>
    </ClCompile>
    <ClCompile Include="InputManager.cpp">
      <Filter>소스 파일\Manager</Filter>
    </ClCompile>
    <ClCompile Include="TaskReserveInfo.cpp">
      <Filter>소스 파일\Repository\World\WorldObject</Filter>
    </ClCompile>
    <ClCompile Include="TileRepository.cpp">
      <Filter>소스 파일\Repository\World</Filter>
    </ClCompile>
    <ClCompile Include="CoordinatesSystem.cpp">
      <Filter>소스 파일\Library</Filter>
    </ClCompile>
    <ClCompile Include="UIManager.cpp">
      <Filter>소스 파일\Manager</Filter>
    </ClCompile>
    <ClCompile Include="WorldManager.cpp">
      <Filter>소스 파일\Manager</Filter>
    </ClCompile>
    <ClCompile Include="CameraManager.cpp">
      <Filter>소스 파일\Manager</Filter>
    </ClCompile>
    <ClCompile Include="Task.cpp">
      <Filter>소스 파일\Repository\World\WorldObject</Filter>
    </ClCompile>
    <ClCompile Include="Random.cpp">
      <Filter>소스 파일\Library</Filter>
    </ClCompile>
    <ClCompile Include="StaticUnitService.cpp">
      <Filter>소스 파일\Service</Filter>
    </ClCompile>
    <ClCompile Include="BlockType.cpp">
      <Filter>소스 파일\Repository\World\WorldObject\Block</Filter>
    </ClCompile>
    <ClCompile Include="BuildingType.cpp">
      <Filter>소스 파일\Repository\World\WorldObject\StaticUnit</Filter>
    </ClCompile>
    <ClCompile Include="PathFinder.cpp">
      <Filter>소스 파일</Filter>
    </ClCompile>
  </ItemGroup>
  <ItemGroup>
    <ClInclude Include="TestManager.h">
      <Filter>헤더 파일</Filter>
    </ClInclude>
    <ClInclude Include="testProperty.h">
      <Filter>헤더 파일</Filter>
    </ClInclude>
    <ClInclude Include="GameManager.h">
      <Filter>헤더 파일\Manager</Filter>
    </ClInclude>
    <ClInclude Include="GameWorld.h">
      <Filter>헤더 파일\Repository</Filter>
    </ClInclude>
    <ClInclude Include="GameTime.h">
      <Filter>헤더 파일\Repository\GameTime</Filter>
    </ClInclude>
    <ClInclude Include="DateSystem.h">
      <Filter>헤더 파일\Repository\GameTime</Filter>
    </ClInclude>
    <ClInclude Include="GameRule.h">
      <Filter>헤더 파일\Library</Filter>
    </ClInclude>
    <ClInclude Include="TimeSystem.h">
      <Filter>헤더 파일\Repository\GameTime</Filter>
    </ClInclude>
    <ClInclude Include="TimeRepository.h">
      <Filter>헤더 파일\Repository\GameTime</Filter>
    </ClInclude>
    <ClInclude Include="WorldObjectFactory.h">
      <Filter>헤더 파일\Factory</Filter>
    </ClInclude>
    <ClInclude Include="TileFactory.h">
      <Filter>헤더 파일\Factory</Filter>
    </ClInclude>
    <ClInclude Include="ObjectRepository.h">
      <Filter>헤더 파일\Repository\World</Filter>
    </ClInclude>
    <ClInclude Include="InputManager.h">
      <Filter>헤더 파일\Manager</Filter>
    </ClInclude>
    <ClInclude Include="CameraManager.h">
      <Filter>헤더 파일</Filter>
    </ClInclude>
    <ClInclude Include="Character.h">
      <Filter>헤더 파일\Repository\World\WorldObject</Filter>
    </ClInclude>
    <ClInclude Include="CharacterFactory.h">
      <Filter>헤더 파일\Factory</Filter>
    </ClInclude>
    <ClInclude Include="GameWorldForAI.h">
      <Filter>헤더 파일\Repository</Filter>
    </ClInclude>
    <ClInclude Include="GameWorldForUI.h">
      <Filter>헤더 파일\Repository</Filter>
    </ClInclude>
    <ClInclude Include="GameWorldForWorld.h">
      <Filter>헤더 파일\Repository</Filter>
    </ClInclude>
    <ClInclude Include="GodotScenePath.h">
      <Filter>헤더 파일\Library</Filter>
    </ClInclude>
    <ClInclude Include="Timer.h">
      <Filter>헤더 파일\Library</Filter>
    </ClInclude>
    <ClInclude Include="UIManager.h">
      <Filter>헤더 파일\Manager</Filter>
    </ClInclude>
    <ClInclude Include="WorldManager.h">
      <Filter>헤더 파일\Manager</Filter>
    </ClInclude>
    <ClInclude Include="WorldObject.h">
      <Filter>헤더 파일\Repository\World\WorldObject</Filter>
    </ClInclude>
    <ClInclude Include="TaskReserveInfo.h">
      <Filter>헤더 파일\Repository\World\WorldObject</Filter>
    </ClInclude>
    <ClInclude Include="GameWorldForInput.h">
      <Filter>헤더 파일\Repository</Filter>
    </ClInclude>
    <ClInclude Include="CoordinatesSystem.h">
      <Filter>헤더 파일\Library</Filter>
    </ClInclude>
    <ClInclude Include="Common.h">
      <Filter>헤더 파일\Library</Filter>
    </ClInclude>
    <ClInclude Include="Village.h">
      <Filter>헤더 파일\Repository\World</Filter>
    </ClInclude>
    <ClInclude Include="VillageRepository.h">
      <Filter>헤더 파일\Repository\World</Filter>
    </ClInclude>
    <ClInclude Include="AIManager.h">
      <Filter>헤더 파일\Manager</Filter>
    </ClInclude>
    <ClInclude Include="AIExecuter.h">
      <Filter>헤더 파일\Manager</Filter>
    </ClInclude>
    <ClInclude Include="Physics.h">
      <Filter>헤더 파일\Repository\World\WorldObject</Filter>
    </ClInclude>
    <ClInclude Include="Task.h">
      <Filter>헤더 파일\Manager</Filter>
    </ClInclude>
    <ClInclude Include="Inventory.h">
      <Filter>헤더 파일</Filter>
    </ClInclude>
    <ClInclude Include="Item.h">
      <Filter>헤더 파일</Filter>
    </ClInclude>
    <ClInclude Include="Material.h">
      <Filter>헤더 파일</Filter>
    </ClInclude>
    <ClInclude Include="EventGenerator.h">
      <Filter>헤더 파일\Manager\Event</Filter>
    </ClInclude>
    <ClInclude Include="Event.h">
      <Filter>헤더 파일\Manager\Event</Filter>
    </ClInclude>
    <ClInclude Include="EventLogRepository.h">
      <Filter>헤더 파일\Manager\Event</Filter>
    </ClInclude>
    <ClInclude Include="EventLog.h">
      <Filter>헤더 파일\Manager\Event</Filter>
    </ClInclude>
    <ClInclude Include="GameWorldForEvent.h">
      <Filter>헤더 파일\Repository</Filter>
    </ClInclude>
    <ClInclude Include="ProgressManager.h">
      <Filter>헤더 파일\Manager</Filter>
    </ClInclude>
    <ClInclude Include="RepeatitionRandomOcccurrence.h">
      <Filter>헤더 파일\Manager\Event</Filter>
    </ClInclude>
    <ClInclude Include="PickRandom.h">
      <Filter>헤더 파일\Library</Filter>
    </ClInclude>
    <ClInclude Include="Random.h">
      <Filter>헤더 파일\Manager\Event</Filter>
    </ClInclude>
    <ClInclude Include="Structure.h">
      <Filter>헤더 파일</Filter>
    </ClInclude>
    <ClInclude Include="StructureFactory.h">
      <Filter>헤더 파일\Factory</Filter>
    </ClInclude>
    <ClInclude Include="ControlState.h">
      <Filter>헤더 파일\Manager</Filter>
    </ClInclude>
    <ClInclude Include="StructureFactory.h">
      <Filter>헤더 파일\Factory</Filter>
    </ClInclude>
    <ClInclude Include="ControlState.h">
      <Filter>헤더 파일\Manager</Filter>
    </ClInclude>
    <ClInclude Include="Surface.h">
      <Filter>헤더 파일\Repository\World\WorldObject</Filter>
    </ClInclude>
    <ClInclude Include="TileRepository.h">
      <Filter>헤더 파일\Repository\World\WorldObject</Filter>
    </ClInclude>
    <ClInclude Include="Tile.h">
      <Filter>헤더 파일\Repository\World</Filter>
    </ClInclude>
    <ClInclude Include="Block.h">
      <Filter>헤더 파일\Repository\World\WorldObject\Block</Filter>
    </ClInclude>
    <ClInclude Include="BlockType.h">
      <Filter>헤더 파일\Repository\World\WorldObject\Block</Filter>
    </ClInclude>
    <ClInclude Include="StaticUnit.h">
      <Filter>헤더 파일\Repository\World\WorldObject\StaticUnit</Filter>
    </ClInclude>
    <ClInclude Include="Building.h">
      <Filter>헤더 파일\Repository\World\WorldObject\StaticUnit</Filter>
    </ClInclude>
    <ClInclude Include="BuildingType.h">
      <Filter>헤더 파일\Repository\World\WorldObject\StaticUnit</Filter>
    </ClInclude>
    <ClInclude Include="BuildingRepository.h">
      <Filter>헤더 파일\Repository\World\WorldObject\StaticUnit</Filter>
    </ClInclude>
    <ClInclude Include="GameWorldForStaticUnit.h">
      <Filter>헤더 파일\Repository</Filter>
    </ClInclude>
    <ClInclude Include="StaticUnitService.h">
      <Filter>헤더 파일\Service</Filter>
    </ClInclude>
    <ClInclude Include="PathFinder.h">
      <Filter>헤더 파일</Filter>
    </ClInclude>
  </ItemGroup>
</Project>