<?xml version="1.0" encoding="utf-8"?>
<Project ToolsVersion="4.0" xmlns="http://schemas.microsoft.com/developer/msbuild/2003">
  <ItemGroup>
    <Filter Include="소스 파일">
      <UniqueIdentifier>{4FC737F1-C7A5-4376-A066-2A32D752A2FF}</UniqueIdentifier>
      <Extensions>cpp;c;cc;cxx;c++;cppm;ixx;def;odl;idl;hpj;bat;asm;asmx</Extensions>
    </Filter>
    <Filter Include="리소스 파일">
      <UniqueIdentifier>{67DA6AB6-F800-4c08-8B7A-83BB121AAD01}</UniqueIdentifier>
      <Extensions>rc;ico;cur;bmp;dlg;rc2;rct;bin;rgs;gif;jpg;jpeg;jpe;resx;tiff;tif;png;wav;mfcribbon-ms</Extensions>
    </Filter>
    <Filter Include="소스 파일\Manager">
      <UniqueIdentifier>{85b5a375-e93e-46fe-b881-b1c95e9db7ad}</UniqueIdentifier>
    </Filter>
    <Filter Include="소스 파일\Repository">
      <UniqueIdentifier>{520b2c8d-db81-4ec6-bcae-e65c46af6a33}</UniqueIdentifier>
    </Filter>
    <Filter Include="소스 파일\Repository\GameTime">
      <UniqueIdentifier>{5014afd6-5d21-4199-b6b9-ca42c75e137e}</UniqueIdentifier>
    </Filter>
    <Filter Include="소스 파일\Library">
      <UniqueIdentifier>{8e7af990-e5d5-46f0-b2d3-f439de484604}</UniqueIdentifier>
    </Filter>
    <Filter Include="소스 파일\Repository\World">
      <UniqueIdentifier>{1439e26a-afbe-4439-818b-6062823e8772}</UniqueIdentifier>
    </Filter>
    <Filter Include="소스 파일\Service">
      <UniqueIdentifier>{b292abb1-277b-4d87-bf1d-b0e4479204fe}</UniqueIdentifier>
    </Filter>
    <Filter Include="소스 파일\Factory">
      <UniqueIdentifier>{421bf626-737a-43d5-8f02-4204f7c42211}</UniqueIdentifier>
    </Filter>
    <Filter Include="소스 파일\Domain">
      <UniqueIdentifier>{137c009f-836c-4bb5-ab96-e8e142df3e7c}</UniqueIdentifier>
    </Filter>
    <Filter Include="소스 파일\Domain\GameTime">
      <UniqueIdentifier>{6e0d7fb6-b498-4ee5-95b2-2d2aaa14123e}</UniqueIdentifier>
    </Filter>
    <Filter Include="소스 파일\Domain\WorldObject">
      <UniqueIdentifier>{66738e3e-65f7-465b-8915-5366c792fd0a}</UniqueIdentifier>
    </Filter>
    <Filter Include="소스 파일\Domain\WorldObject\Block">
      <UniqueIdentifier>{b51e4bbe-ef34-4169-8f41-dcd69579ec3a}</UniqueIdentifier>
    </Filter>
    <Filter Include="소스 파일\Domain\Item">
      <UniqueIdentifier>{e02f5aac-f619-42ff-8e2d-f1406bf12bf5}</UniqueIdentifier>
    </Filter>
    <Filter Include="소스 파일\Domain\StaticUnit">
      <UniqueIdentifier>{b2e3e59a-5c6f-4c23-97c7-81e03fdc4b12}</UniqueIdentifier>
    </Filter>
    <Filter Include="소스 파일\Repository\StaticUnit">
      <UniqueIdentifier>{e1511d13-abd6-40d1-9e14-0e56a0f02625}</UniqueIdentifier>
    </Filter>
    <Filter Include="소스 파일\Service\WorldObject">
      <UniqueIdentifier>{3e66aaa0-366e-48a9-8dad-8c1f93468d0d}</UniqueIdentifier>
    </Filter>
    <Filter Include="소스 파일\Service\PathFinder">
      <UniqueIdentifier>{dbe6e088-cdf7-44cd-be36-a00c878cf538}</UniqueIdentifier>
    </Filter>
    <Filter Include="소스 파일\Service\StaticUnit">
      <UniqueIdentifier>{ad97208d-b8bc-4c17-8c17-f5cddce8c763}</UniqueIdentifier>
    </Filter>
    <Filter Include="소스 파일\Service\UI">
      <UniqueIdentifier>{c642862d-739b-4d0c-8f30-9d95271173eb}</UniqueIdentifier>
    </Filter>
    <Filter Include="소스 파일\Service\Task">
      <UniqueIdentifier>{333d7b50-8a9e-41a0-8b8f-9c36e24ddb75}</UniqueIdentifier>
    </Filter>
    <Filter Include="소스 파일\Repository\WorldObject">
      <UniqueIdentifier>{a025f874-5fd0-44c5-a6cd-c75761e121f1}</UniqueIdentifier>
    </Filter>
    <Filter Include="소스 파일\Domain\Event">
      <UniqueIdentifier>{e1cfdc95-1090-4ee0-82c4-7304ccf17bac}</UniqueIdentifier>
    </Filter>
    <Filter Include="소스 파일\Repository\Event">
      <UniqueIdentifier>{eb2583e6-474e-4f63-9f75-87b06ce3b110}</UniqueIdentifier>
    </Filter>
    <Filter Include="소스 파일\Domain\Task">
      <UniqueIdentifier>{2aa06855-8a3c-4eca-8788-c471fe05fb87}</UniqueIdentifier>
    </Filter>
    <Filter Include="소스 파일\Service\AI">
      <UniqueIdentifier>{d14e36ca-595e-4076-8032-d8a0e499af30}</UniqueIdentifier>
    </Filter>
    <Filter Include="소스 파일\Service\Input">
      <UniqueIdentifier>{9cadaedf-3e43-4043-98e1-c6b6c28e8e5d}</UniqueIdentifier>
    </Filter>
    <Filter Include="소스 파일\Manager\Camera">
      <UniqueIdentifier>{5671cf8d-7860-40fc-a58b-b7609464e8ab}</UniqueIdentifier>
    </Filter>
    <Filter Include="소스 파일\Manager\Input">
      <UniqueIdentifier>{e814376d-6bde-49c4-8ac3-2a77ee9ba81a}</UniqueIdentifier>
    </Filter>
    <Filter Include="소스 파일\Service\Rule">
      <UniqueIdentifier>{6a5140b0-7482-4d17-b85a-d668ef2830e6}</UniqueIdentifier>
    </Filter>
    <Filter Include="소스 파일\Manager\UI">
      <UniqueIdentifier>{19801df5-6d13-40a5-8b8d-2b300b3961da}</UniqueIdentifier>
    </Filter>
    <Filter Include="소스 파일\Manager\World">
      <UniqueIdentifier>{486e3b4d-13c0-4524-825d-e51710fc88db}</UniqueIdentifier>
    </Filter>
    <Filter Include="소스 파일\Repository\Village">
      <UniqueIdentifier>{98c06ef6-67e5-480b-bf65-341ac17349e6}</UniqueIdentifier>
    </Filter>
    <Filter Include="소스 파일\Domain\Village">
      <UniqueIdentifier>{ea974419-6e8f-4ce0-8ec8-ab6f95b7f955}</UniqueIdentifier>
    </Filter>
    <Filter Include="소스 파일\Service\Village">
      <UniqueIdentifier>{16343c5b-fa1f-4f46-9428-b10462d826f7}</UniqueIdentifier>
    </Filter>
    <Filter Include="소스 파일\Repository\SkillRepository">
      <UniqueIdentifier>{0fa27ae1-2849-4ae3-b258-05a30b6c386a}</UniqueIdentifier>
    </Filter>
    <Filter Include="소스 파일\Service\Skill">
      <UniqueIdentifier>{48dbfbed-405a-4cf9-9c60-6f35e5ed8a1f}</UniqueIdentifier>
    </Filter>
    <Filter Include="소스 파일\Domain\CharacterStatus">
      <UniqueIdentifier>{843567c8-0629-440d-841b-89dbe224f4b9}</UniqueIdentifier>
    </Filter>
    <Filter Include="소스 파일\Domain\CharacterStatus\Skill">
      <UniqueIdentifier>{fb174ca6-12e8-4eed-865a-b5808ad63b38}</UniqueIdentifier>
    </Filter>
    <Filter Include="소스 파일\Domain\CharacterStatus\Stat">
      <UniqueIdentifier>{43487be0-506e-452a-add9-5de5dde556d2}</UniqueIdentifier>
    </Filter>
    <Filter Include="소스 파일\Domain\CharacterStatus\Name">
      <UniqueIdentifier>{e15ad1fd-f63d-4ac1-a407-75b545237438}</UniqueIdentifier>
    </Filter>
    <Filter Include="소스 파일\Domain\StaticUnit\Building">
      <UniqueIdentifier>{57b0ff23-3519-411e-856b-43b8545a5a56}</UniqueIdentifier>
    </Filter>
  </ItemGroup>
  <ItemGroup>
    <ClCompile Include="GameManager.cpp">
      <Filter>소스 파일\Manager</Filter>
    </ClCompile>
    <ClCompile Include="NativeLib.cpp">
      <Filter>소스 파일\Library</Filter>
    </ClCompile>
    <ClCompile Include="TileRepository.cpp">
      <Filter>소스 파일\Repository\World</Filter>
    </ClCompile>
    <ClCompile Include="CoordinatesSystem.cpp">
      <Filter>소스 파일\Library</Filter>
    </ClCompile>
    <ClCompile Include="Random.cpp">
      <Filter>소스 파일\Library</Filter>
    </ClCompile>
    <ClCompile Include="StaticUnitService.cpp">
      <Filter>소스 파일\Service\StaticUnit</Filter>
    </ClCompile>
    <ClCompile Include="DateSystem.cpp">
      <Filter>소스 파일\Domain\GameTime</Filter>
    </ClCompile>
    <ClCompile Include="GameTime.cpp">
      <Filter>소스 파일\Domain\GameTime</Filter>
    </ClCompile>
    <ClCompile Include="TimeSystem.cpp">
      <Filter>소스 파일\Domain\GameTime</Filter>
    </ClCompile>
    <ClCompile Include="BlockTypeProperty.cpp">
      <Filter>소스 파일\Domain\WorldObject\Block</Filter>
    </ClCompile>
    <ClCompile Include="CameraManager.cpp">
      <Filter>소스 파일\Manager\Camera</Filter>
    </ClCompile>
    <ClCompile Include="InputManager.cpp">
      <Filter>소스 파일\Manager\Input</Filter>
    </ClCompile>
    <ClCompile Include="UIManager.cpp">
      <Filter>소스 파일\Manager\UI</Filter>
    </ClCompile>
    <ClCompile Include="WorldManager.cpp">
      <Filter>소스 파일\Manager\World</Filter>
    </ClCompile>
    <ClCompile Include="TileService.h">
      <Filter>소스 파일\Service\WorldObject</Filter>
    </ClCompile>
    <ClCompile Include="Stat.cpp">
      <Filter>소스 파일\Domain\CharacterStatus\Stat</Filter>
    </ClCompile>
    <ClCompile Include="PathFindService.cpp">
      <Filter>소스 파일\Service\PathFinder</Filter>
    </ClCompile>
    <ClCompile Include="NameList.cpp">
      <Filter>소스 파일\Domain\CharacterStatus\Name</Filter>
    </ClCompile>
    <ClCompile Include="NameGenerator.cpp">
      <Filter>소스 파일\Domain\CharacterStatus\Name</Filter>
    </ClCompile>
    <ClCompile Include="CharacterName.cpp">
      <Filter>소스 파일\Domain\CharacterStatus\Name</Filter>
    </ClCompile>
    <ClCompile Include="Structure.h">
      <Filter>소스 파일\Domain\StaticUnit</Filter>
    </ClCompile>
    <ClCompile Include="BuildingType.cpp">
      <Filter>소스 파일\Domain\StaticUnit\Building</Filter>
    </ClCompile>
  </ItemGroup>
  <ItemGroup>
    <ClInclude Include="GameTime.h">
      <Filter>소스 파일\Domain\GameTime</Filter>
    </ClInclude>
    <ClInclude Include="DateSystem.h">
      <Filter>소스 파일\Domain\GameTime</Filter>
    </ClInclude>
    <ClInclude Include="TimeSystem.h">
      <Filter>소스 파일\Domain\GameTime</Filter>
    </ClInclude>
    <ClInclude Include="Character.h">
      <Filter>소스 파일\Domain\WorldObject</Filter>
    </ClInclude>
    <ClInclude Include="WorldObject.h">
      <Filter>소스 파일\Domain\WorldObject</Filter>
    </ClInclude>
    <ClInclude Include="TaskReserveInfo.h">
      <Filter>소스 파일\Domain\WorldObject</Filter>
    </ClInclude>
    <ClInclude Include="EventGenerator.h">
      <Filter>소스 파일\Domain\Event</Filter>
    </ClInclude>
    <ClInclude Include="Event.h">
      <Filter>소스 파일\Domain\Event</Filter>
    </ClInclude>
    <ClInclude Include="EventLog.h">
      <Filter>소스 파일\Domain\Event</Filter>
    </ClInclude>
    <ClInclude Include="RepeatitionRandomOcccurrence.h">
      <Filter>소스 파일\Domain\Event</Filter>
    </ClInclude>
    <ClInclude Include="Random.h">
      <Filter>소스 파일\Domain\Event</Filter>
    </ClInclude>
    <ClInclude Include="Surface.h">
      <Filter>소스 파일\Domain\WorldObject</Filter>
    </ClInclude>
    <ClInclude Include="Block.h">
      <Filter>소스 파일\Domain\WorldObject\Block</Filter>
    </ClInclude>
    <ClInclude Include="BlockTypeProperty.h">
      <Filter>소스 파일\Domain\WorldObject\Block</Filter>
    </ClInclude>
    <ClInclude Include="GameService.h">
      <Filter>소스 파일\Service</Filter>
    </ClInclude>
    <ClInclude Include="WorldObjectFactory.h">
      <Filter>소스 파일\Factory</Filter>
    </ClInclude>
    <ClInclude Include="TileFactory.h">
      <Filter>소스 파일\Factory</Filter>
    </ClInclude>
    <ClInclude Include="StructureFactory.h">
      <Filter>소스 파일\Factory</Filter>
    </ClInclude>
    <ClInclude Include="CharacterFactory.h">
      <Filter>소스 파일\Factory</Filter>
    </ClInclude>
    <ClInclude Include="Material.h">
      <Filter>소스 파일\Domain\Item</Filter>
    </ClInclude>
    <ClInclude Include="Item.h">
      <Filter>소스 파일\Domain\Item</Filter>
    </ClInclude>
    <ClInclude Include="Inventory.h">
      <Filter>소스 파일\Domain\Item</Filter>
    </ClInclude>
    <ClInclude Include="StaticUnit.h">
      <Filter>소스 파일\Domain\StaticUnit</Filter>
    </ClInclude>
    <ClInclude Include="BuildingRepository.h">
      <Filter>소스 파일\Repository\StaticUnit</Filter>
    </ClInclude>
    <ClInclude Include="ObjectService.h">
      <Filter>소스 파일\Service\WorldObject</Filter>
    </ClInclude>
    <ClInclude Include="StaticUnitService.h">
      <Filter>소스 파일\Service\StaticUnit</Filter>
    </ClInclude>
    <ClInclude Include="UIService.h">
      <Filter>소스 파일\Service\UI</Filter>
    </ClInclude>
    <ClInclude Include="TaskService.h">
      <Filter>소스 파일\Service\Task</Filter>
    </ClInclude>
    <ClInclude Include="TimeRepository.h">
      <Filter>소스 파일\Repository\GameTime</Filter>
    </ClInclude>
    <ClInclude Include="PickRandom.h">
      <Filter>소스 파일\Library</Filter>
    </ClInclude>
    <ClInclude Include="GodotScenePath.h">
      <Filter>소스 파일\Library</Filter>
    </ClInclude>
    <ClInclude Include="GameRule.h">
      <Filter>소스 파일\Library</Filter>
    </ClInclude>
    <ClInclude Include="CoordinatesSystem.h">
      <Filter>소스 파일\Library</Filter>
    </ClInclude>
    <ClInclude Include="Common.h">
      <Filter>소스 파일\Library</Filter>
    </ClInclude>
    <ClInclude Include="Timer.h">
      <Filter>소스 파일\Domain\GameTime</Filter>
    </ClInclude>
    <ClInclude Include="EventLogRepository.h">
      <Filter>소스 파일\Repository\Event</Filter>
    </ClInclude>
    <ClInclude Include="ObjectRepository.h">
      <Filter>소스 파일\Repository\WorldObject</Filter>
    </ClInclude>
    <ClInclude Include="Task.h">
      <Filter>소스 파일\Domain\Task</Filter>
    </ClInclude>
    <ClInclude Include="Schedule.h">
      <Filter>소스 파일\Domain\Task</Filter>
    </ClInclude>
    <ClInclude Include="Action.h">
      <Filter>소스 파일\Domain\Task</Filter>
    </ClInclude>
    <ClInclude Include="AIExecuter.h">
      <Filter>소스 파일\Service\AI</Filter>
    </ClInclude>
    <ClInclude Include="ControlState.h">
      <Filter>소스 파일\Service\Input</Filter>
    </ClInclude>
    <ClInclude Include="GameManager.h">
      <Filter>소스 파일\Manager</Filter>
    </ClInclude>
    <ClInclude Include="CameraManager.h">
      <Filter>소스 파일\Manager\Camera</Filter>
    </ClInclude>
    <ClInclude Include="InputManager.h">
      <Filter>소스 파일\Manager\Input</Filter>
    </ClInclude>
    <ClInclude Include="Tile.h">
      <Filter>소스 파일\Domain\WorldObject</Filter>
    </ClInclude>
    <ClInclude Include="TileRepository.h">
      <Filter>소스 파일\Repository\WorldObject</Filter>
    </ClInclude>
    <ClInclude Include="ProgressService.h">
      <Filter>소스 파일\Service\Rule</Filter>
    </ClInclude>
    <ClInclude Include="UIManager.h">
      <Filter>소스 파일\Manager\UI</Filter>
    </ClInclude>
    <ClInclude Include="WorldManager.h">
      <Filter>소스 파일\Manager\World</Filter>
    </ClInclude>
    <ClInclude Include="GameWorld.h">
      <Filter>소스 파일\Repository</Filter>
    </ClInclude>
    <ClInclude Include="VillageRepository.h">
      <Filter>소스 파일\Repository\Village</Filter>
    </ClInclude>
    <ClInclude Include="Village.h">
      <Filter>소스 파일\Domain\Village</Filter>
    </ClInclude>
    <ClInclude Include="VillageService.h">
      <Filter>소스 파일\Service\Village</Filter>
    </ClInclude>
    <ClInclude Include="ControlState.h" />
    <ClInclude Include="StructureFactory.h" />
    <ClInclude Include="RandomRepository.h">
      <Filter>소스 파일\Repository\Event</Filter>
    </ClInclude>
    <ClInclude Include="CharacterSkill.h">
      <Filter>소스 파일\Domain\CharacterStatus\Skill</Filter>
    </ClInclude>
    <ClInclude Include="SkillRepository.h">
      <Filter>소스 파일\Repository\SkillRepository</Filter>
    </ClInclude>
    <ClInclude Include="SkillService.h">
      <Filter>소스 파일\Service\Skill</Filter>
    </ClInclude>
    <ClInclude Include="Stat.h">
      <Filter>소스 파일\Domain\CharacterStatus\Stat</Filter>
    </ClInclude>
    <ClInclude Include="StatField.h">
      <Filter>소스 파일\Domain\CharacterStatus\Stat</Filter>
    </ClInclude>
    <ClInclude Include="UnlockEvent.h">
      <Filter>소스 파일\Domain\CharacterStatus\Stat</Filter>
    </ClInclude>
    <ClInclude Include="PathFindService.h">
      <Filter>소스 파일\Service\PathFinder</Filter>
    </ClInclude>
    <ClInclude Include="AIService.h">
      <Filter>소스 파일\Service\AI</Filter>
    </ClInclude>
    <ClInclude Include="NameGenerator.h">
      <Filter>소스 파일\Domain\CharacterStatus\Name</Filter>
    </ClInclude>
    <ClInclude Include="CharacterName.h">
      <Filter>소스 파일\Domain\CharacterStatus\Name</Filter>
    </ClInclude>
    <ClInclude Include="Physics.h">
      <Filter>소스 파일\Domain\WorldObject</Filter>
    </ClInclude>
  </ItemGroup>
  <ItemGroup>
    <Text Include="C:\Users\admin\Desktop\name.txt">
      <Filter>리소스 파일</Filter>
    </Text>
    <ClInclude Include="StructureRepository.h">
      <Filter>소스 파일\Repository\StaticUnit</Filter>
    </ClInclude>
    <ClInclude Include="StructureType.cpp">
      <Filter>소스 파일\Domain\StaticUnit</Filter>
    </ClInclude>
    <ClInclude Include="StructureType.h">
      <Filter>소스 파일\Domain\StaticUnit</Filter>
    </ClInclude>
    <ClInclude Include="Building.h">
      <Filter>소스 파일\Domain\StaticUnit\Building</Filter>
    </ClInclude>
    <ClInclude Include="BuildingType.h">
      <Filter>소스 파일\Domain\StaticUnit\Building</Filter>
    </ClInclude>
    <ClInclude Include="CharacterSlot.h">
      <Filter>소스 파일\Domain\StaticUnit\Building</Filter>
    </ClInclude>
    <ClInclude Include="House.h">
      <Filter>소스 파일\Domain\StaticUnit\Building</Filter>
    </ClInclude>
    <ClInclude Include="ResidentService.h">
      <Filter>소스 파일\Service\WorldObject</Filter>
    </ClInclude>
    <ClInclude Include="WorkSpace.h">
      <Filter>소스 파일\Domain\StaticUnit\Building</Filter>
    </ClInclude>
  </ItemGroup>
</Project>